
Microsoft Visual Studio Solution File, Format Version 12.00
# Visual Studio Version 16
VisualStudioVersion = 16.0.30717.126
MinimumVisualStudioVersion = 10.0.40219.1
Project("{FAE04EC0-301F-11D3-BF4B-00C04F79EFBC}") = "RamnikSingh_IT481_Unit2", "RamnikSingh_IT481_Unit2.csproj", "{15CCD082-785E-4BF4-BBF7-9827804C4746}"
EndProject
Global
	GlobalSection(SolutionConfigurationPlatforms) = preSolution
		Debug|Any CPU = Debug|Any CPU
		Release|Any CPU = Release|Any CPU
	EndGlobalSection
	GlobalSection(ProjectConfigurationPlatforms) = postSolution
		{15CCD082-785E-4BF4-BBF7-9827804C4746}.Debug|Any CPU.ActiveCfg = Debug|Any CPU
		{15CCD082-785E-4BF4-BBF7-9827804C4746}.Debug|Any CPU.Build.0 = Debug|Any CPU
		{15CCD082-785E-4BF4-BBF7-9827804C4746}.Release|Any CPU.ActiveCfg = Release|Any CPU
		{15CCD082-785E-4BF4-BBF7-9827804C4746}.Release|Any CPU.Build.0 = Release|Any CPU
	EndGlobalSection
	GlobalSection(SolutionProperties) = preSolution
		HideSolutionNode = FALSE
	EndGlobalSection
	GlobalSection(ExtensibilityGlobals) = postSolution
		SolutionGuid = {361659BE-C692-4CC0-B4F9-80B8E25367BC}
	EndGlobalSection
EndGlobal
